{
  "name": "publishing-to-npm-binary-search",
  "version": "1.0.0",
  "lockfileVersion": 3,
  "requires": true,
  "packages": {
    "": {
      "name": "publishing-to-npm-binary-search",
      "version": "1.0.0",
      "license": "ISC",
      "dependencies": {
        "publishing-to-npm-binary-search": "^1.0.0"
      }
    },
    "node_modules/publishing-to-npm-binary-search": {
      "version": "1.0.0",
      "resolved": "https://registry.npmjs.org/publishing-to-npm-binary-search/-/publishing-to-npm-binary-search-1.0.0.tgz",
      "integrity": "sha512-vLzQnvcLQiC6sVGkN9/ykwtYTambtOWke/JEbohU4qRGuE3VOJZYBrUGv3x6816BJvcOv9ccuHXGbyJzYiSKAQ=="
    }
  }
}
